// !$*UTF8*$!
{
	archiveVersion = 1;
	classes = {
	};
	objectVersion = 50;
	objects = {

/* Begin PBXBuildFile section */
		93E50C80225C939A001FCFB8 /* AppDelegate.swift in Sources */ = {isa = PBXBuildFile; fileRef = 93E50C7F225C939A001FCFB8 /* AppDelegate.swift */; };
		93E50C82225C939A001FCFB8 /* ViewController.swift in Sources */ = {isa = PBXBuildFile; fileRef = 93E50C81225C939A001FCFB8 /* ViewController.swift */; };
		93E50C85225C939A001FCFB8 /* Main.storyboard in Resources */ = {isa = PBXBuildFile; fileRef = 93E50C83225C939A001FCFB8 /* Main.storyboard */; };
		93E50C88225C939A001FCFB8 /* CoreData_Nhap1So.xcdatamodeld in Sources */ = {isa = PBXBuildFile; fileRef = 93E50C86225C939A001FCFB8 /* CoreData_Nhap1So.xcdatamodeld */; };
		93E50C8A225C939C001FCFB8 /* Assets.xcassets in Resources */ = {isa = PBXBuildFile; fileRef = 93E50C89225C939C001FCFB8 /* Assets.xcassets */; };
		93E50C8D225C939C001FCFB8 /* LaunchScreen.storyboard in Resources */ = {isa = PBXBuildFile; fileRef = 93E50C8B225C939C001FCFB8 /* LaunchScreen.storyboard */; };
		93E50C95225C95AA001FCFB8 /* TableViewController.swift in Sources */ = {isa = PBXBuildFile; fileRef = 93E50C94225C95AA001FCFB8 /* TableViewController.swift */; };
/* End PBXBuildFile section */

/* Begin PBXFileReference section */
		93E50C7C225C939A001FCFB8 /* CoreData_Nhap1So.app */ = {isa = PBXFileReference; explicitFileType = wrapper.application; includeInIndex = 0; path = CoreData_Nhap1So.app; sourceTree = BUILT_PRODUCTS_DIR; };
		93E50C7F225C939A001FCFB8 /* AppDelegate.swift */ = {isa = PBXFileReference; lastKnownFileType = sourcecode.swift; path = AppDelegate.swift; sourceTree = "<group>"; };
		93E50C81225C939A001FCFB8 /* ViewController.swift */ = {isa = PBXFileReference; lastKnownFileType = sourcecode.swift; path = ViewController.swift; sourceTree = "<group>"; };
		93E50C84225C939A001FCFB8 /* Base */ = {isa = PBXFileReference; lastKnownFileType = file.storyboard; name = Base; path = Base.lproj/Main.storyboard; sourceTree = "<group>"; };
		93E50C87225C939A001FCFB8 /* CoreData_Nhap1So.xcdatamodel */ = {isa = PBXFileReference; lastKnownFileType = wrapper.xcdatamodel; path = CoreData_Nhap1So.xcdatamodel; sourceTree = "<group>"; };
		93E50C89225C939C001FCFB8 /* Assets.xcassets */ = {isa = PBXFileReference; lastKnownFileType = folder.assetcatalog; path = Assets.xcassets; sourceTree = "<group>"; };
		93E50C8C225C939C001FCFB8 /* Base */ = {isa = PBXFileReference; lastKnownFileType = file.storyboard; name = Base; path = Base.lproj/LaunchScreen.storyboard; sourceTree = "<group>"; };
		93E50C8E225C939C001FCFB8 /* Info.plist */ = {isa = PBXFileReference; lastKnownFileType = text.plist.xml; path = Info.plist; sourceTree = "<group>"; };
		93E50C94225C95AA001FCFB8 /* TableViewController.swift */ = {isa = PBXFileReference; lastKnownFileType = sourcecode.swift; path = TableViewController.swift; sourceTree = "<group>"; };
/* End PBXFileReference section */

/* Begin PBXFrameworksBuildPhase section */
		93E50C79225C939A001FCFB8 /* Frameworks */ = {
			isa = PBXFrameworksBuildPhase;
			buildActionMask = 2147483647;
			files = (
			);
			runOnlyForDeploymentPostprocessing = 0;
		};
/* End PBXFrameworksBuildPhase section */

/* Begin PBXGroup section */
		93E50C73225C939A001FCFB8 = {
			isa = PBXGroup;
			children = (
				93E50C7E225C939A001FCFB8 /* CoreData_Nhap1So */,
				93E50C7D225C939A001FCFB8 /* Products */,
			);
			sourceTree = "<group>";
		};
		93E50C7D225C939A001FCFB8 /* Products */ = {
			isa = PBXGroup;
			children = (
				93E50C7C225C939A001FCFB8 /* CoreData_Nhap1So.app */,
			);
			name = Products;
			sourceTree = "<group>";
		};
		93E50C7E225C939A001FCFB8 /* CoreData_Nhap1So */ = {
			isa = PBXGroup;
			children = (
				93E50C7F225C939A001FCFB8 /* AppDelegate.swift */,
				93E50C81225C939A001FCFB8 /* ViewController.swift */,
				93E50C83225C939A001FCFB8 /* Main.storyboard */,
				93E50C94225C95AA001FCFB8 /* TableViewController.swift */,
				93E50C89225C939C001FCFB8 /* Assets.xcassets */,
				93E50C8B225C939C001FCFB8 /* LaunchScreen.storyboard */,
				93E50C8E225C939C001FCFB8 /* Info.plist */,
				93E50C86225C939A001FCFB8 /* CoreData_Nhap1So.xcdatamodeld */,
			);
			path = CoreData_Nhap1So;
			sourceTree = "<group>";
		};
/* End PBXGroup section */

/* Begin PBXNativeTarget section */
		93E50C7B225C939A001FCFB8 /* CoreData_Nhap1So */ = {
			isa = PBXNativeTarget;
			buildConfigurationList = 93E50C91225C939C001FCFB8 /* Build configuration list for PBXNativeTarget "CoreData_Nhap1So" */;
			buildPhases = (
				93E50C78225C939A001FCFB8 /* Sources */,
				93E50C79225C939A001FCFB8 /* Frameworks */,
				93E50C7A225C939A001FCFB8 /* Resources */,
			);
			buildRules = (
			);
			dependencies = (
			);
			name = CoreData_Nhap1So;
			productName = CoreData_Nhap1So;
			productReference = 93E50C7C225C939A001FCFB8 /* CoreData_Nhap1So.app */;
			productType = "com.apple.product-type.application";
		};
/* End PBXNativeTarget section */

/* Begin PBXProject section */
		93E50C74225C939A001FCFB8 /* Project object */ = {
			isa = PBXProject;
			attributes = {
				LastSwiftUpdateCheck = 0940;
				LastUpgradeCheck = 0940;
				ORGANIZATIONNAME = "Just Kidding";
				TargetAttributes = {
					93E50C7B225C939A001FCFB8 = {
						CreatedOnToolsVersion = 9.4.1;
					};
				};
			};
			buildConfigurationList = 93E50C77225C939A001FCFB8 /* Build configuration list for PBXProject "CoreData_Nhap1So" */;
			compatibilityVersion = "Xcode 9.3";
			developmentRegion = en;
			hasScannedForEncodings = 0;
			knownRegions = (
				en,
				Base,
			);
			mainGroup = 93E50C73225C939A001FCFB8;
			productRefGroup = 93E50C7D225C939A001FCFB8 /* Products */;
			projectDirPath = "";
			projectRoot = "";
			targets = (
				93E50C7B225C939A001FCFB8 /* CoreData_Nhap1So */,
			);
		};
/* End PBXProject section */

/* Begin PBXResourcesBuildPhase section */
		93E50C7A225C939A001FCFB8 /* Resources */ = {
			isa = PBXResourcesBuildPhase;
			buildActionMask = 2147483647;
			files = (
				93E50C8D225C939C001FCFB8 /* LaunchScreen.storyboard in Resources */,
				93E50C8A225C939C001FCFB8 /* Assets.xcassets in Resources */,
				93E50C85225C939A001FCFB8 /* Main.storyboard in Resources */,
			);
			runOnlyForDeploymentPostprocessing = 0;
		};
/* End PBXResourcesBuildPhase section */

/* Begin PBXSourcesBuildPhase section */
		93E50C78225C939A001FCFB8 /* Sources */ = {
			isa = PBXSourcesBuildPhase;
			buildActionMask = 2147483647;
			files = (
				93E50C82225C939A001FCFB8 /* ViewController.swift in Sources */,
				93E50C80225C939A001FCFB8 /* AppDelegate.swift in Sources */,
				93E50C88225C939A001FCFB8 /* CoreData_Nhap1So.xcdatamodeld in Sources */,
				93E50C95225C95AA001FCFB8 /* TableViewController.swift in Sources */,
			);
			runOnlyForDeploymentPostprocessing = 0;
		};
/* End PBXSourcesBuildPhase section */

/* Begin PBXVariantGroup section */
		93E50C83225C939A001FCFB8 /* Main.storyboard */ = {
			isa = PBXVariantGroup;
			children = (
				93E50C84225C939A001FCFB8 /* Base */,
			);
			name = Main.storyboard;
			sourceTree = "<group>";
		};
		93E50C8B225C939C001FCFB8 /* LaunchScreen.storyboard */ = {
			isa = PBXVariantGroup;
			children = (
				93E50C8C225C939C001FCFB8 /* Base */,
			);
			name = LaunchScreen.storyboard;
			sourceTree = "<group>";
		};
/* End PBXVariantGroup section */

/* Begin XCBuildConfiguration section */
		93E50C8F225C939C001FCFB8 /* Debug */ = {
			isa = XCBuildConfiguration;
			buildSettings = {
				ALWAYS_SEARCH_USER_PATHS = NO;
				CLANG_ANALYZER_NONNULL = YES;
				CLANG_ANALYZER_NUMBER_OBJECT_CONVERSION = YES_AGGRESSIVE;
				CLANG_CXX_LANGUAGE_STANDARD = "gnu++14";
				CLANG_CXX_LIBRARY = "libc++";
				CLANG_ENABLE_MODULES = YES;
				CLANG_ENABLE_OBJC_ARC = YES;
				CLANG_ENABLE_OBJC_WEAK = YES;
				CLANG_WARN_BLOCK_CAPTURE_AUTORELEASING = YES;
				CLANG_WARN_BOOL_CONVERSION = YES;
				CLANG_WARN_COMMA = YES;
				CLANG_WARN_CONSTANT_CONVERSION = YES;
				CLANG_WARN_DEPRECATED_OBJC_IMPLEMENTATIONS = YES;
				CLANG_WARN_DIRECT_OBJC_ISA_USAGE = YES_ERROR;
				CLANG_WARN_DOCUMENTATION_COMMENTS = YES;
				CLANG_WARN_EMPTY_BODY = YES;
				CLANG_WARN_ENUM_CONVERSION = YES;
				CLANG_WARN_INFINITE_RECURSION = YES;
				CLANG_WARN_INT_CONVERSION = YES;
				CLANG_WARN_NON_LITERAL_NULL_CONVERSION = YES;
				CLANG_WARN_OBJC_IMPLICIT_RETAIN_SELF = YES;
				CLANG_WARN_OBJC_LITERAL_CONVERSION = YES;
				CLANG_WARN_OBJC_ROOT_CLASS = YES_ERROR;
				CLANG_WARN_RANGE_LOOP_ANALYSIS = YES;
				CLANG_WARN_STRICT_PROTOTYPES = YES;
				CLANG_WARN_SUSPICIOUS_MOVE = YES;
				CLANG_WARN_UNGUARDED_AVAILABILITY = YES_AGGRESSIVE;
				CLANG_WARN_UNREACHABLE_CODE = YES;
				CLANG_WARN__DUPLICATE_METHOD_MATCH = YES;
				CODE_SIGN_IDENTITY = "iPhone Developer";
				COPY_PHASE_STRIP = NO;
				DEBUG_INFORMATION_FORMAT = dwarf;
				ENABLE_STRICT_OBJC_MSGSEND = YES;
				ENABLE_TESTABILITY = YES;
				GCC_C_LANGUAGE_STANDARD = gnu11;
				GCC_DYNAMIC_NO_PIC = NO;
				GCC_NO_COMMON_BLOCKS = YES;
				GCC_OPTIMIZATION_LEVEL = 0;
				GCC_PREPROCESSOR_DEFINITIONS = (
					"DEBUG=1",
					"$(inherited)",
				);
				GCC_WARN_64_TO_32_BIT_CONVERSION = YES;
				GCC_WARN_ABOUT_RETURN_TYPE = YES_ERROR;
				GCC_WARN_UNDECLARED_SELECTOR = YES;
				GCC_WARN_UNINITIALIZED_AUTOS = YES_AGGRESSIVE;
				GCC_WARN_UNUSED_FUNCTION = YES;
				GCC_WARN_UNUSED_VARIABLE = YES;
				IPHONEOS_DEPLOYMENT_TARGET = 11.4;
				MTL_ENABLE_DEBUG_INFO = YES;
				ONLY_ACTIVE_ARCH = YES;
				SDKROOT = iphoneos;
				SWIFT_ACTIVE_COMPILATION_CONDITIONS = DEBUG;
				SWIFT_OPTIMIZATION_LEVEL = "-Onone";
			};
			name = Debug;
		};
		93E50C90225C939C001FCFB8 /* Release */ = {
			isa = XCBuildConfiguration;
			buildSettings = {
				ALWAYS_SEARCH_USER_PATHS = NO;
				CLANG_ANALYZER_NONNULL = YES;
				CLANG_ANALYZER_NUMBER_OBJECT_CONVERSION = YES_AGGRESSIVE;
				CLANG_CXX_LANGUAGE_STANDARD = "gnu++14";
				CLANG_CXX_LIBRARY = "libc++";
				CLANG_ENABLE_MODULES = YES;
				CLANG_ENABLE_OBJC_ARC = YES;
				CLANG_ENABLE_OBJC_WEAK = YES;
				CLANG_WARN_BLOCK_CAPTURE_AUTORELEASING = YES;
				CLANG_WARN_BOOL_CONVERSION = YES;
				CLANG_WARN_COMMA = YES;
				CLANG_WARN_CONSTANT_CONVERSION = YES;
				CLANG_WARN_DEPRECATED_OBJC_IMPLEMENTATIONS = YES;
				CLANG_WARN_DIRECT_OBJC_ISA_USAGE = YES_ERROR;
				CLANG_WARN_DOCUMENTATION_COMMENTS = YES;
				CLANG_WARN_EMPTY_BODY = YES;
				CLANG_WARN_ENUM_CONVERSION = YES;
				CLANG_WARN_INFINITE_RECURSION = YES;
				CLANG_WARN_INT_CONVERSION = YES;
				CLANG_WARN_NON_LITERAL_NULL_CONVERSION = YES;
				CLANG_WARN_OBJC_IMPLICIT_RETAIN_SELF = YES;
				CLANG_WARN_OBJC_LITERAL_CONVERSION = YES;
				CLANG_WARN_OBJC_ROOT_CLASS = YES_ERROR;
				CLANG_WARN_RANGE_LOOP_ANALYSIS = YES;
				CLANG_WARN_STRICT_PROTOTYPES = YES;
				CLANG_WARN_SUSPICIOUS_MOVE = YES;
				CLANG_WARN_UNGUARDED_AVAILABILITY = YES_AGGRESSIVE;
				CLANG_WARN_UNREACHABLE_CODE = YES;
				CLANG_WARN__DUPLICATE_METHOD_MATCH = YES;
				CODE_SIGN_IDENTITY = "iPhone Developer";
				COPY_PHASE_STRIP = NO;
				DEBUG_INFORMATION_FORMAT = "dwarf-with-dsym";
				ENABLE_NS_ASSERTIONS = NO;
				ENABLE_STRICT_OBJC_MSGSEND = YES;
				GCC_C_LANGUAGE_STANDARD = gnu11;
				GCC_NO_COMMON_BLOCKS = YES;
				GCC_WARN_64_TO_32_BIT_CONVERSION = YES;
				GCC_WARN_ABOUT_RETURN_TYPE = YES_ERROR;
				GCC_WARN_UNDECLARED_SELECTOR = YES;
				GCC_WARN_UNINITIALIZED_AUTOS = YES_AGGRESSIVE;
				GCC_WARN_UNUSED_FUNCTION = YES;
				GCC_WARN_UNUSED_VARIABLE = YES;
				IPHONEOS_DEPLOYMENT_TARGET = 11.4;
				MTL_ENABLE_DEBUG_INFO = NO;
				SDKROOT = iphoneos;
				SWIFT_COMPILATION_MODE = wholemodule;
				SWIFT_OPTIMIZATION_LEVEL = "-O";
				VALIDATE_PRODUCT = YES;
			};
			name = Release;
		};
		93E50C92225C939C001FCFB8 /* Debug */ = {
			isa = XCBuildConfiguration;
			buildSettings = {
				ASSETCATALOG_COMPILER_APPICON_NAME = AppIcon;
				CODE_SIGN_STYLE = Automatic;
				INFOPLIST_FILE = CoreData_Nhap1So/Info.plist;
				LD_RUNPATH_SEARCH_PATHS = (
					"$(inherited)",
					"@executable_path/Frameworks",
				);
				PRODUCT_BUNDLE_IDENTIFIER = "DucBan.CoreData-Nhap1So";
				PRODUCT_NAME = "$(TARGET_NAME)";
				SWIFT_VERSION = 4.0;
				TARGETED_DEVICE_FAMILY = "1,2";
			};
			name = Debug;
		};
		93E50C93225C939C001FCFB8 /* Release */ = {
			isa = XCBuildConfiguration;
			buildSettings = {
				ASSETCATALOG_COMPILER_APPICON_NAME = AppIcon;
				CODE_SIGN_STYLE = Automatic;
				INFOPLIST_FILE = CoreData_Nhap1So/Info.plist;
				LD_RUNPATH_SEARCH_PATHS = (
					"$(inherited)",
					"@executable_path/Frameworks",
				);
				PRODUCT_BUNDLE_IDENTIFIER = "DucBan.CoreData-Nhap1So";
				PRODUCT_NAME = "$(TARGET_NAME)";
				SWIFT_VERSION = 4.0;
				TARGETED_DEVICE_FAMILY = "1,2";
			};
			name = Release;
		};
/* End XCBuildConfiguration section */

/* Begin XCConfigurationList section */
		93E50C77225C939A001FCFB8 /* Build configuration list for PBXProject "CoreData_Nhap1So" */ = {
			isa = XCConfigurationList;
			buildConfigurations = (
				93E50C8F225C939C001FCFB8 /* Debug */,
				93E50C90225C939C001FCFB8 /* Release */,
			);
			defaultConfigurationIsVisible = 0;
			defaultConfigurationName = Release;
		};
		93E50C91225C939C001FCFB8 /* Build configuration list for PBXNativeTarget "CoreData_Nhap1So" */ = {
			isa = XCConfigurationList;
			buildConfigurations = (
				93E50C92225C939C001FCFB8 /* Debug */,
				93E50C93225C939C001FCFB8 /* Release */,
			);
			defaultConfigurationIsVisible = 0;
			defaultConfigurationName = Release;
		};
/* End XCConfigurationList section */

/* Begin XCVersionGroup section */
		93E50C86225C939A001FCFB8 /* CoreData_Nhap1So.xcdatamodeld */ = {
			isa = XCVersionGroup;
			children = (
				93E50C87225C939A001FCFB8 /* CoreData_Nhap1So.xcdatamodel */,
			);
			currentVersion = 93E50C87225C939A001FCFB8 /* CoreData_Nhap1So.xcdatamodel */;
			path = CoreData_Nhap1So.xcdatamodeld;
			sourceTree = "<group>";
			versionGroupType = wrapper.xcdatamodel;
		};
/* End XCVersionGroup section */
	};
	rootObject = 93E50C74225C939A001FCFB8 /* Project object */;
}
